
Microsoft Visual Studio Solution File, Format Version 12.00
# Visual Studio Version 17
VisualStudioVersion = 17.9.34902.65
MinimumVisualStudioVersion = 10.0.40219.1
Project("{FAE04EC0-301F-11D3-BF4B-00C04F79EFBC}") = "DimensionCalculatorDesktopapp", "DimensionCalculatorDesktopapp\DimensionCalculatorDesktopapp.csproj", "{EAA76E21-A6D1-4671-84CE-CAB5BE461ED6}"
EndProject
Global
	GlobalSection(SolutionConfigurationPlatforms) = preSolution
		Debug|Any CPU = Debug|Any CPU
		Release|Any CPU = Release|Any CPU
	EndGlobalSection
	GlobalSection(ProjectConfigurationPlatforms) = postSolution
		{EAA76E21-A6D1-4671-84CE-CAB5BE461ED6}.Debug|Any CPU.ActiveCfg = Debug|Any CPU
		{EAA76E21-A6D1-4671-84CE-CAB5BE461ED6}.Debug|Any CPU.Build.0 = Debug|Any CPU
		{EAA76E21-A6D1-4671-84CE-CAB5BE461ED6}.Release|Any CPU.ActiveCfg = Release|Any CPU
		{EAA76E21-A6D1-4671-84CE-CAB5BE461ED6}.Release|Any CPU.Build.0 = Release|Any CPU
	EndGlobalSection
	GlobalSection(SolutionProperties) = preSolution
		HideSolutionNode = FALSE
	EndGlobalSection
	GlobalSection(ExtensibilityGlobals) = postSolution
		SolutionGuid = {858A2796-760D-426E-8003-8A0E32AAB9CA}
	EndGlobalSection
EndGlobal
